
Microsoft Visual Studio Solution File, Format Version 12.00
# Visual Studio Version 17
VisualStudioVersion = 17.6.33815.320
MinimumVisualStudioVersion = 10.0.40219.1
Project("{FAE04EC0-301F-11D3-BF4B-00C04F79EFBC}") = "PrivateSchoolProject", "PrivateSchoolProject\PrivateSchoolProject.csproj", "{FCD014B7-3153-44DB-9884-C009293579CB}"
EndProject
Global
	GlobalSection(SolutionConfigurationPlatforms) = preSolution
		Debug|Any CPU = Debug|Any CPU
		Release|Any CPU = Release|Any CPU
	EndGlobalSection
	GlobalSection(ProjectConfigurationPlatforms) = postSolution
		{FCD014B7-3153-44DB-9884-C009293579CB}.Debug|Any CPU.ActiveCfg = Debug|Any CPU
		{FCD014B7-3153-44DB-9884-C009293579CB}.Debug|Any CPU.Build.0 = Debug|Any CPU
		{FCD014B7-3153-44DB-9884-C009293579CB}.Release|Any CPU.ActiveCfg = Release|Any CPU
		{FCD014B7-3153-44DB-9884-C009293579CB}.Release|Any CPU.Build.0 = Release|Any CPU
	EndGlobalSection
	GlobalSection(SolutionProperties) = preSolution
		HideSolutionNode = FALSE
	EndGlobalSection
	GlobalSection(ExtensibilityGlobals) = postSolution
		SolutionGuid = {D3767EF8-E1E3-4D3C-904A-F6CEC18687C7}
	EndGlobalSection
EndGlobal
